
Microsoft Visual Studio Solution File, Format Version 12.00
# Visual Studio Version 17
VisualStudioVersion = 17.5.002.0
MinimumVisualStudioVersion = 10.0.40219.1
Project("{9A19103F-16F7-4668-BE54-9A1E7A4F7556}") = "SessionWorkshop", "SessionWorkshop.csproj", "{9BC21B71-9967-447D-AD33-6F3B19FE08C0}"
EndProject
Global
	GlobalSection(SolutionConfigurationPlatforms) = preSolution
		Debug|Any CPU = Debug|Any CPU
		Release|Any CPU = Release|Any CPU
	EndGlobalSection
	GlobalSection(ProjectConfigurationPlatforms) = postSolution
		{9BC21B71-9967-447D-AD33-6F3B19FE08C0}.Debug|Any CPU.ActiveCfg = Debug|Any CPU
		{9BC21B71-9967-447D-AD33-6F3B19FE08C0}.Debug|Any CPU.Build.0 = Debug|Any CPU
		{9BC21B71-9967-447D-AD33-6F3B19FE08C0}.Release|Any CPU.ActiveCfg = Release|Any CPU
		{9BC21B71-9967-447D-AD33-6F3B19FE08C0}.Release|Any CPU.Build.0 = Release|Any CPU
	EndGlobalSection
	GlobalSection(SolutionProperties) = preSolution
		HideSolutionNode = FALSE
	EndGlobalSection
	GlobalSection(ExtensibilityGlobals) = postSolution
		SolutionGuid = {86CBEACF-95C4-482A-BE3D-735B2241266A}
	EndGlobalSection
EndGlobal
